
Microsoft Visual Studio Solution File, Format Version 12.00
# Visual Studio Version 17
VisualStudioVersion = 17.2.32519.379
MinimumVisualStudioVersion = 10.0.40219.1
Project("{8BC9CEB8-8B4A-11D0-8D11-00A0C91BC942}") = "S1_HolaOpenGL", "S1_HolaOpenGL\S1_HolaOpenGL.vcxproj", "{8F900E2C-8CA5-48DA-B265-79EB5447970C}"
EndProject
Project("{8BC9CEB8-8B4A-11D0-8D11-00A0C91BC942}") = "S2_Geometria", "S2_Geometria\S2_Geometria.vcxproj", "{A7CF3B90-A5AD-4171-AC32-C4633D350396}"
EndProject
Project("{8BC9CEB8-8B4A-11D0-8D11-00A0C91BC942}") = "S3_Transformaciones", "S3_Transformaciones\S3_Transformaciones.vcxproj", "{E6446F17-221C-4E56-BA03-9B7BD384AA23}"
EndProject
Project("{8BC9CEB8-8B4A-11D0-8D11-00A0C91BC942}") = "S4_Camara", "S4_Camara\S4_Camara.vcxproj", "{CD5DF367-3BA2-428E-BC5C-DA69F0293F4D}"
EndProject
Global
	GlobalSection(SolutionConfigurationPlatforms) = preSolution
		Debug|x64 = Debug|x64
		Debug|x86 = Debug|x86
		Release|x64 = Release|x64
		Release|x86 = Release|x86
	EndGlobalSection
	GlobalSection(ProjectConfigurationPlatforms) = postSolution
		{8F900E2C-8CA5-48DA-B265-79EB5447970C}.Debug|x64.ActiveCfg = Debug|x64
		{8F900E2C-8CA5-48DA-B265-79EB5447970C}.Debug|x64.Build.0 = Debug|x64
		{8F900E2C-8CA5-48DA-B265-79EB5447970C}.Debug|x86.ActiveCfg = Debug|Win32
		{8F900E2C-8CA5-48DA-B265-79EB5447970C}.Debug|x86.Build.0 = Debug|Win32
		{8F900E2C-8CA5-48DA-B265-79EB5447970C}.Release|x64.ActiveCfg = Release|x64
		{8F900E2C-8CA5-48DA-B265-79EB5447970C}.Release|x64.Build.0 = Release|x64
		{8F900E2C-8CA5-48DA-B265-79EB5447970C}.Release|x86.ActiveCfg = Release|Win32
		{8F900E2C-8CA5-48DA-B265-79EB5447970C}.Release|x86.Build.0 = Release|Win32
		{A7CF3B90-A5AD-4171-AC32-C4633D350396}.Debug|x64.ActiveCfg = Debug|x64
		{A7CF3B90-A5AD-4171-AC32-C4633D350396}.Debug|x64.Build.0 = Debug|x64
		{A7CF3B90-A5AD-4171-AC32-C4633D350396}.Debug|x86.ActiveCfg = Debug|Win32
		{A7CF3B90-A5AD-4171-AC32-C4633D350396}.Debug|x86.Build.0 = Debug|Win32
		{A7CF3B90-A5AD-4171-AC32-C4633D350396}.Release|x64.ActiveCfg = Release|x64
		{A7CF3B90-A5AD-4171-AC32-C4633D350396}.Release|x64.Build.0 = Release|x64
		{A7CF3B90-A5AD-4171-AC32-C4633D350396}.Release|x86.ActiveCfg = Release|Win32
		{A7CF3B90-A5AD-4171-AC32-C4633D350396}.Release|x86.Build.0 = Release|Win32
		{E6446F17-221C-4E56-BA03-9B7BD384AA23}.Debug|x64.ActiveCfg = Debug|x64
		{E6446F17-221C-4E56-BA03-9B7BD384AA23}.Debug|x64.Build.0 = Debug|x64
		{E6446F17-221C-4E56-BA03-9B7BD384AA23}.Debug|x86.ActiveCfg = Debug|Win32
		{E6446F17-221C-4E56-BA03-9B7BD384AA23}.Debug|x86.Build.0 = Debug|Win32
		{E6446F17-221C-4E56-BA03-9B7BD384AA23}.Release|x64.ActiveCfg = Release|x64
		{E6446F17-221C-4E56-BA03-9B7BD384AA23}.Release|x64.Build.0 = Release|x64
		{E6446F17-221C-4E56-BA03-9B7BD384AA23}.Release|x86.ActiveCfg = Release|Win32
		{E6446F17-221C-4E56-BA03-9B7BD384AA23}.Release|x86.Build.0 = Release|Win32
		{CD5DF367-3BA2-428E-BC5C-DA69F0293F4D}.Debug|x64.ActiveCfg = Debug|x64
		{CD5DF367-3BA2-428E-BC5C-DA69F0293F4D}.Debug|x64.Build.0 = Debug|x64
		{CD5DF367-3BA2-428E-BC5C-DA69F0293F4D}.Debug|x86.ActiveCfg = Debug|Win32
		{CD5DF367-3BA2-428E-BC5C-DA69F0293F4D}.Debug|x86.Build.0 = Debug|Win32
		{CD5DF367-3BA2-428E-BC5C-DA69F0293F4D}.Release|x64.ActiveCfg = Release|x64
		{CD5DF367-3BA2-428E-BC5C-DA69F0293F4D}.Release|x64.Build.0 = Release|x64
		{CD5DF367-3BA2-428E-BC5C-DA69F0293F4D}.Release|x86.ActiveCfg = Release|Win32
		{CD5DF367-3BA2-428E-BC5C-DA69F0293F4D}.Release|x86.Build.0 = Release|Win32
	EndGlobalSection
	GlobalSection(SolutionProperties) = preSolution
		HideSolutionNode = FALSE
	EndGlobalSection
	GlobalSection(ExtensibilityGlobals) = postSolution
		SolutionGuid = {CB208241-3B31-4545-B148-E54FAB0DF3C8}
	EndGlobalSection
EndGlobal
